{
    "name": "@blockchain-assets/data-types",
    "version": "1.0.0",
    "lockfileVersion": 2,
    "requires": true,
    "packages": {
        "": {
            "name": "@blockchain-assets/data-types",
            "version": "1.0.0",
            "license": "ISC",
            "dependencies": {
                "@types/luxon": "^3.0.0"
            },
            "devDependencies": {
                "typescript": "^4.8.2"
            }
        },
        "node_modules/@types/luxon": {
            "version": "3.0.1",
            "resolved": "https://registry.npmjs.org/@types/luxon/-/luxon-3.0.1.tgz",
            "integrity": "sha512-/LAvk1cMOJt0ghzMFrZEvByUhsiEfeeT2IF53Le+Ki3A538yEL9pRZ7a6MuCxdrYK+YNqNIDmrKU/r2nnw04zQ=="
        },
        "node_modules/typescript": {
            "version": "4.8.2",
            "resolved": "https://registry.npmjs.org/typescript/-/typescript-4.8.2.tgz",
            "integrity": "sha512-C0I1UsrrDHo2fYI5oaCGbSejwX4ch+9Y5jTQELvovfmFkK3HHSZJB8MSJcWLmCUBzQBchCrZ9rMRV6GuNrvGtw==",
            "dev": true,
            "bin": {
                "tsc": "bin/tsc",
                "tsserver": "bin/tsserver"
            },
            "engines": {
                "node": ">=4.2.0"
            }
        }
    },
    "dependencies": {
        "@types/luxon": {
            "version": "3.0.1",
            "resolved": "https://registry.npmjs.org/@types/luxon/-/luxon-3.0.1.tgz",
            "integrity": "sha512-/LAvk1cMOJt0ghzMFrZEvByUhsiEfeeT2IF53Le+Ki3A538yEL9pRZ7a6MuCxdrYK+YNqNIDmrKU/r2nnw04zQ=="
        },
        "typescript": {
            "version": "4.8.2",
            "resolved": "https://registry.npmjs.org/typescript/-/typescript-4.8.2.tgz",
            "integrity": "sha512-C0I1UsrrDHo2fYI5oaCGbSejwX4ch+9Y5jTQELvovfmFkK3HHSZJB8MSJcWLmCUBzQBchCrZ9rMRV6GuNrvGtw==",
            "dev": true
        }
    }
}
